
Microsoft Visual Studio Solution File, Format Version 12.00
# Visual Studio Version 17
VisualStudioVersion = 17.5.33516.290
MinimumVisualStudioVersion = 10.0.40219.1
Project("{2150E333-8FDC-42A3-9474-1A3956D46DE8}") = "src", "src", "{73F85BE0-1060-48DF-91C9-D2D8098C86B2}"
EndProject
Project("{2150E333-8FDC-42A3-9474-1A3956D46DE8}") = "Core", "Core", "{9752F1B8-13FD-429C-AEA0-1FCDD2228A39}"
EndProject
Project("{2150E333-8FDC-42A3-9474-1A3956D46DE8}") = "Infrastructure", "Infrastructure", "{42E07FF3-7C6C-4CFF-9C71-F60172647E0D}"
EndProject
Project("{2150E333-8FDC-42A3-9474-1A3956D46DE8}") = "Presentation", "Presentation", "{21B2E521-DAB9-4687-B61E-0D0AFD045A3F}"
EndProject
Project("{9A19103F-16F7-4668-BE54-9A1E7A4F7556}") = "ShaurmaLand.API", "ShaurmaLand.API\ShaurmaLand.API.csproj", "{7D02515A-1983-4205-AFD9-CB1EFECA0DBE}"
EndProject
Project("{9A19103F-16F7-4668-BE54-9A1E7A4F7556}") = "ShaurmaLand.Persistence", "ShaurmaLand.Persistence\ShaurmaLand.Persistence.csproj", "{FBC17F83-47C5-45B8-A247-D1E25815DFCC}"
EndProject
Project("{9A19103F-16F7-4668-BE54-9A1E7A4F7556}") = "ShaurmaLand.Domain", "ShaurmaLand.Domain\ShaurmaLand.Domain.csproj", "{4846F3F8-367C-4FB1-B9BA-52AD4F1B5AF0}"
EndProject
Project("{9A19103F-16F7-4668-BE54-9A1E7A4F7556}") = "ShaurmaLand.Application", "ShaurmaLand.Application\ShaurmaLand.Application.csproj", "{410ED5BF-E7BE-4BDA-A26A-8C75D455797D}"
EndProject
Project("{9A19103F-16F7-4668-BE54-9A1E7A4F7556}") = "ShaurmaLand.Infrastructure", "ShaurmaLand.Infrastructure\ShaurmaLand.Infrastructure.csproj", "{5FBA436B-5D28-409B-BF08-020114CD63B8}"
EndProject
Project("{2150E333-8FDC-42A3-9474-1A3956D46DE8}") = "Shared", "Shared", "{E37EB209-916B-4F9B-A8C7-3A73438D40B2}"
EndProject
Project("{9A19103F-16F7-4668-BE54-9A1E7A4F7556}") = "ShaurmaLand.Shared", "ShaurmaLand.Shared\ShaurmaLand.Shared.csproj", "{106D0742-3738-4194-BDC5-212FAAFA5D15}"
EndProject
Global
	GlobalSection(SolutionConfigurationPlatforms) = preSolution
		Debug|Any CPU = Debug|Any CPU
		Release|Any CPU = Release|Any CPU
	EndGlobalSection
	GlobalSection(ProjectConfigurationPlatforms) = postSolution
		{7D02515A-1983-4205-AFD9-CB1EFECA0DBE}.Debug|Any CPU.ActiveCfg = Debug|Any CPU
		{7D02515A-1983-4205-AFD9-CB1EFECA0DBE}.Debug|Any CPU.Build.0 = Debug|Any CPU
		{7D02515A-1983-4205-AFD9-CB1EFECA0DBE}.Release|Any CPU.ActiveCfg = Release|Any CPU
		{7D02515A-1983-4205-AFD9-CB1EFECA0DBE}.Release|Any CPU.Build.0 = Release|Any CPU
		{FBC17F83-47C5-45B8-A247-D1E25815DFCC}.Debug|Any CPU.ActiveCfg = Debug|Any CPU
		{FBC17F83-47C5-45B8-A247-D1E25815DFCC}.Debug|Any CPU.Build.0 = Debug|Any CPU
		{FBC17F83-47C5-45B8-A247-D1E25815DFCC}.Release|Any CPU.ActiveCfg = Release|Any CPU
		{FBC17F83-47C5-45B8-A247-D1E25815DFCC}.Release|Any CPU.Build.0 = Release|Any CPU
		{4846F3F8-367C-4FB1-B9BA-52AD4F1B5AF0}.Debug|Any CPU.ActiveCfg = Debug|Any CPU
		{4846F3F8-367C-4FB1-B9BA-52AD4F1B5AF0}.Debug|Any CPU.Build.0 = Debug|Any CPU
		{4846F3F8-367C-4FB1-B9BA-52AD4F1B5AF0}.Release|Any CPU.ActiveCfg = Release|Any CPU
		{4846F3F8-367C-4FB1-B9BA-52AD4F1B5AF0}.Release|Any CPU.Build.0 = Release|Any CPU
		{410ED5BF-E7BE-4BDA-A26A-8C75D455797D}.Debug|Any CPU.ActiveCfg = Debug|Any CPU
		{410ED5BF-E7BE-4BDA-A26A-8C75D455797D}.Debug|Any CPU.Build.0 = Debug|Any CPU
		{410ED5BF-E7BE-4BDA-A26A-8C75D455797D}.Release|Any CPU.ActiveCfg = Release|Any CPU
		{410ED5BF-E7BE-4BDA-A26A-8C75D455797D}.Release|Any CPU.Build.0 = Release|Any CPU
		{5FBA436B-5D28-409B-BF08-020114CD63B8}.Debug|Any CPU.ActiveCfg = Debug|Any CPU
		{5FBA436B-5D28-409B-BF08-020114CD63B8}.Debug|Any CPU.Build.0 = Debug|Any CPU
		{5FBA436B-5D28-409B-BF08-020114CD63B8}.Release|Any CPU.ActiveCfg = Release|Any CPU
		{5FBA436B-5D28-409B-BF08-020114CD63B8}.Release|Any CPU.Build.0 = Release|Any CPU
		{106D0742-3738-4194-BDC5-212FAAFA5D15}.Debug|Any CPU.ActiveCfg = Debug|Any CPU
		{106D0742-3738-4194-BDC5-212FAAFA5D15}.Debug|Any CPU.Build.0 = Debug|Any CPU
		{106D0742-3738-4194-BDC5-212FAAFA5D15}.Release|Any CPU.ActiveCfg = Release|Any CPU
		{106D0742-3738-4194-BDC5-212FAAFA5D15}.Release|Any CPU.Build.0 = Release|Any CPU
	EndGlobalSection
	GlobalSection(SolutionProperties) = preSolution
		HideSolutionNode = FALSE
	EndGlobalSection
	GlobalSection(NestedProjects) = preSolution
		{9752F1B8-13FD-429C-AEA0-1FCDD2228A39} = {73F85BE0-1060-48DF-91C9-D2D8098C86B2}
		{42E07FF3-7C6C-4CFF-9C71-F60172647E0D} = {73F85BE0-1060-48DF-91C9-D2D8098C86B2}
		{21B2E521-DAB9-4687-B61E-0D0AFD045A3F} = {73F85BE0-1060-48DF-91C9-D2D8098C86B2}
		{7D02515A-1983-4205-AFD9-CB1EFECA0DBE} = {21B2E521-DAB9-4687-B61E-0D0AFD045A3F}
		{FBC17F83-47C5-45B8-A247-D1E25815DFCC} = {42E07FF3-7C6C-4CFF-9C71-F60172647E0D}
		{4846F3F8-367C-4FB1-B9BA-52AD4F1B5AF0} = {9752F1B8-13FD-429C-AEA0-1FCDD2228A39}
		{410ED5BF-E7BE-4BDA-A26A-8C75D455797D} = {9752F1B8-13FD-429C-AEA0-1FCDD2228A39}
		{5FBA436B-5D28-409B-BF08-020114CD63B8} = {42E07FF3-7C6C-4CFF-9C71-F60172647E0D}
		{E37EB209-916B-4F9B-A8C7-3A73438D40B2} = {73F85BE0-1060-48DF-91C9-D2D8098C86B2}
		{106D0742-3738-4194-BDC5-212FAAFA5D15} = {E37EB209-916B-4F9B-A8C7-3A73438D40B2}
	EndGlobalSection
	GlobalSection(ExtensibilityGlobals) = postSolution
		SolutionGuid = {83B66957-E3DA-43C1-91D5-2DC6C50F6EDF}
	EndGlobalSection
EndGlobal
